
Microsoft Visual Studio Solution File, Format Version 12.00
# Visual Studio 15
VisualStudioVersion = 15.0.28307.1062
MinimumVisualStudioVersion = 10.0.40219.1
Project("{FAE04EC0-301F-11D3-BF4B-00C04F79EFBC}") = "FindApplicationUIElementsDesktopApp", "FindApplicationUIElementsDesktopApp\FindApplicationUIElementsDesktopApp.csproj", "{97B66014-B51E-4CD9-9D31-42918BF48313}"
EndProject
Project("{8BC9CEB8-8B4A-11D0-8D11-00A0C91BC942}") = "UIXPathLib", "UIXPathLib\UiXPathLib.vcxproj", "{074B6938-AF8C-4C61-9101-C9B11A6DB217}"
EndProject
Project("{FAE04EC0-301F-11D3-BF4B-00C04F79EFBC}") = "Logic", "Logic\Logic.csproj", "{E9E13CD0-0C72-4EC0-8FF5-C9D1A3FC4472}"
EndProject
Global
	GlobalSection(SolutionConfigurationPlatforms) = preSolution
		Debug|Any CPU = Debug|Any CPU
		Debug|x64 = Debug|x64
		Debug|x86 = Debug|x86
		Release|Any CPU = Release|Any CPU
		Release|x64 = Release|x64
		Release|x86 = Release|x86
	EndGlobalSection
	GlobalSection(ProjectConfigurationPlatforms) = postSolution
		{97B66014-B51E-4CD9-9D31-42918BF48313}.Debug|Any CPU.ActiveCfg = Debug|Any CPU
		{97B66014-B51E-4CD9-9D31-42918BF48313}.Debug|Any CPU.Build.0 = Debug|Any CPU
		{97B66014-B51E-4CD9-9D31-42918BF48313}.Debug|x64.ActiveCfg = Debug|Any CPU
		{97B66014-B51E-4CD9-9D31-42918BF48313}.Debug|x64.Build.0 = Debug|Any CPU
		{97B66014-B51E-4CD9-9D31-42918BF48313}.Debug|x86.ActiveCfg = Debug|Any CPU
		{97B66014-B51E-4CD9-9D31-42918BF48313}.Debug|x86.Build.0 = Debug|Any CPU
		{97B66014-B51E-4CD9-9D31-42918BF48313}.Release|Any CPU.ActiveCfg = Release|Any CPU
		{97B66014-B51E-4CD9-9D31-42918BF48313}.Release|Any CPU.Build.0 = Release|Any CPU
		{97B66014-B51E-4CD9-9D31-42918BF48313}.Release|x64.ActiveCfg = Release|Any CPU
		{97B66014-B51E-4CD9-9D31-42918BF48313}.Release|x64.Build.0 = Release|Any CPU
		{97B66014-B51E-4CD9-9D31-42918BF48313}.Release|x86.ActiveCfg = Release|Any CPU
		{97B66014-B51E-4CD9-9D31-42918BF48313}.Release|x86.Build.0 = Release|Any CPU
		{074B6938-AF8C-4C61-9101-C9B11A6DB217}.Debug|Any CPU.ActiveCfg = Debug|Win32
		{074B6938-AF8C-4C61-9101-C9B11A6DB217}.Debug|x64.ActiveCfg = Debug|x64
		{074B6938-AF8C-4C61-9101-C9B11A6DB217}.Debug|x64.Build.0 = Debug|x64
		{074B6938-AF8C-4C61-9101-C9B11A6DB217}.Debug|x86.ActiveCfg = Debug|Win32
		{074B6938-AF8C-4C61-9101-C9B11A6DB217}.Debug|x86.Build.0 = Debug|Win32
		{074B6938-AF8C-4C61-9101-C9B11A6DB217}.Release|Any CPU.ActiveCfg = Release|Win32
		{074B6938-AF8C-4C61-9101-C9B11A6DB217}.Release|x64.ActiveCfg = Release|x64
		{074B6938-AF8C-4C61-9101-C9B11A6DB217}.Release|x64.Build.0 = Release|x64
		{074B6938-AF8C-4C61-9101-C9B11A6DB217}.Release|x86.ActiveCfg = Release|Win32
		{074B6938-AF8C-4C61-9101-C9B11A6DB217}.Release|x86.Build.0 = Release|Win32
		{E9E13CD0-0C72-4EC0-8FF5-C9D1A3FC4472}.Debug|Any CPU.ActiveCfg = Debug|Any CPU
		{E9E13CD0-0C72-4EC0-8FF5-C9D1A3FC4472}.Debug|Any CPU.Build.0 = Debug|Any CPU
		{E9E13CD0-0C72-4EC0-8FF5-C9D1A3FC4472}.Debug|x64.ActiveCfg = Debug|Any CPU
		{E9E13CD0-0C72-4EC0-8FF5-C9D1A3FC4472}.Debug|x64.Build.0 = Debug|Any CPU
		{E9E13CD0-0C72-4EC0-8FF5-C9D1A3FC4472}.Debug|x86.ActiveCfg = Debug|Any CPU
		{E9E13CD0-0C72-4EC0-8FF5-C9D1A3FC4472}.Debug|x86.Build.0 = Debug|Any CPU
		{E9E13CD0-0C72-4EC0-8FF5-C9D1A3FC4472}.Release|Any CPU.ActiveCfg = Release|Any CPU
		{E9E13CD0-0C72-4EC0-8FF5-C9D1A3FC4472}.Release|Any CPU.Build.0 = Release|Any CPU
		{E9E13CD0-0C72-4EC0-8FF5-C9D1A3FC4472}.Release|x64.ActiveCfg = Release|Any CPU
		{E9E13CD0-0C72-4EC0-8FF5-C9D1A3FC4472}.Release|x64.Build.0 = Release|Any CPU
		{E9E13CD0-0C72-4EC0-8FF5-C9D1A3FC4472}.Release|x86.ActiveCfg = Release|Any CPU
		{E9E13CD0-0C72-4EC0-8FF5-C9D1A3FC4472}.Release|x86.Build.0 = Release|Any CPU
	EndGlobalSection
	GlobalSection(SolutionProperties) = preSolution
		HideSolutionNode = FALSE
	EndGlobalSection
	GlobalSection(ExtensibilityGlobals) = postSolution
		SolutionGuid = {FABA853B-A10D-4796-B497-82CF819F3E64}
	EndGlobalSection
EndGlobal
